
Microsoft Visual Studio Solution File, Format Version 12.00
# Visual Studio Version 16
VisualStudioVersion = 16.0.30002.166
MinimumVisualStudioVersion = 10.0.40219.1
Project("{FAE04EC0-301F-11D3-BF4B-00C04F79EFBC}") = "SimpleKakeibo", "SimpleKakeibo.csproj", "{81325678-2024-4343-97A2-AB420288EC66}"
EndProject
Global
	GlobalSection(SolutionConfigurationPlatforms) = preSolution
		Debug|Any CPU = Debug|Any CPU
		Release|Any CPU = Release|Any CPU
	EndGlobalSection
	GlobalSection(ProjectConfigurationPlatforms) = postSolution
		{81325678-2024-4343-97A2-AB420288EC66}.Debug|Any CPU.ActiveCfg = Debug|Any CPU
		{81325678-2024-4343-97A2-AB420288EC66}.Debug|Any CPU.Build.0 = Debug|Any CPU
		{81325678-2024-4343-97A2-AB420288EC66}.Release|Any CPU.ActiveCfg = Release|Any CPU
		{81325678-2024-4343-97A2-AB420288EC66}.Release|Any CPU.Build.0 = Release|Any CPU
	EndGlobalSection
	GlobalSection(SolutionProperties) = preSolution
		HideSolutionNode = FALSE
	EndGlobalSection
	GlobalSection(ExtensibilityGlobals) = postSolution
		SolutionGuid = {51896E55-7FA5-4730-926E-740C90CC2289}
	EndGlobalSection
EndGlobal
